
Microsoft Visual Studio Solution File, Format Version 12.00
# Visual Studio Version 17
VisualStudioVersion = 17.9.34728.123
MinimumVisualStudioVersion = 10.0.40219.1
Project("{9A19103F-16F7-4668-BE54-9A1E7A4F7556}") = "ProjectManager.Module", "ProjectManager.Module\ProjectManager.Module.csproj", "{1CB924E1-D712-4F2A-9FC6-6E9FCD4D6C51}"
EndProject
Project("{9A19103F-16F7-4668-BE54-9A1E7A4F7556}") = "ProjectManager.Win", "ProjectManager.Win\ProjectManager.Win.csproj", "{EEF19288-6FBD-4CFA-819B-02BD684927BC}"
EndProject
Project("{9A19103F-16F7-4668-BE54-9A1E7A4F7556}") = "ProjectManager.Blazor.Server", "ProjectManager.Blazor.Server\ProjectManager.Blazor.Server.csproj", "{2BC0B19D-BA75-4A18-9944-DA8301E5E4F4}"
EndProject
Global
	GlobalSection(SolutionConfigurationPlatforms) = preSolution
		Debug|Any CPU = Debug|Any CPU
		EasyTest|Any CPU = EasyTest|Any CPU
		Release|Any CPU = Release|Any CPU
	EndGlobalSection
	GlobalSection(ProjectConfigurationPlatforms) = postSolution
		{1CB924E1-D712-4F2A-9FC6-6E9FCD4D6C51}.Debug|Any CPU.ActiveCfg = Debug|Any CPU
		{1CB924E1-D712-4F2A-9FC6-6E9FCD4D6C51}.Debug|Any CPU.Build.0 = Debug|Any CPU
		{1CB924E1-D712-4F2A-9FC6-6E9FCD4D6C51}.EasyTest|Any CPU.ActiveCfg = EasyTest|Any CPU
		{1CB924E1-D712-4F2A-9FC6-6E9FCD4D6C51}.EasyTest|Any CPU.Build.0 = EasyTest|Any CPU
		{1CB924E1-D712-4F2A-9FC6-6E9FCD4D6C51}.Release|Any CPU.ActiveCfg = Release|Any CPU
		{1CB924E1-D712-4F2A-9FC6-6E9FCD4D6C51}.Release|Any CPU.Build.0 = Release|Any CPU
		{EEF19288-6FBD-4CFA-819B-02BD684927BC}.Debug|Any CPU.ActiveCfg = Debug|Any CPU
		{EEF19288-6FBD-4CFA-819B-02BD684927BC}.Debug|Any CPU.Build.0 = Debug|Any CPU
		{EEF19288-6FBD-4CFA-819B-02BD684927BC}.EasyTest|Any CPU.ActiveCfg = EasyTest|Any CPU
		{EEF19288-6FBD-4CFA-819B-02BD684927BC}.EasyTest|Any CPU.Build.0 = EasyTest|Any CPU
		{EEF19288-6FBD-4CFA-819B-02BD684927BC}.Release|Any CPU.ActiveCfg = Release|Any CPU
		{EEF19288-6FBD-4CFA-819B-02BD684927BC}.Release|Any CPU.Build.0 = Release|Any CPU
		{2BC0B19D-BA75-4A18-9944-DA8301E5E4F4}.Debug|Any CPU.ActiveCfg = Debug|Any CPU
		{2BC0B19D-BA75-4A18-9944-DA8301E5E4F4}.Debug|Any CPU.Build.0 = Debug|Any CPU
		{2BC0B19D-BA75-4A18-9944-DA8301E5E4F4}.EasyTest|Any CPU.ActiveCfg = EasyTest|Any CPU
		{2BC0B19D-BA75-4A18-9944-DA8301E5E4F4}.EasyTest|Any CPU.Build.0 = EasyTest|Any CPU
		{2BC0B19D-BA75-4A18-9944-DA8301E5E4F4}.Release|Any CPU.ActiveCfg = Release|Any CPU
		{2BC0B19D-BA75-4A18-9944-DA8301E5E4F4}.Release|Any CPU.Build.0 = Release|Any CPU
	EndGlobalSection
	GlobalSection(SolutionProperties) = preSolution
		HideSolutionNode = FALSE
	EndGlobalSection
	GlobalSection(ExtensibilityGlobals) = postSolution
		SolutionGuid = {876E7FCF-7C48-47EA-8298-94B78970C71C}
	EndGlobalSection
EndGlobal
